{
  "name": "lenux--installer",
  "version": "1.0.1",
  "lockfileVersion": 1,
  "requires": true,
  "dependencies": {
    "@thecoder08/docuget": {
      "version": "1.0.3",
      "resolved": "https://npm.pkg.github.com/download/@thecoder08/docuget/1.0.3/e94bf6c25f11bf10b3d5162b8072e6098535831b1e838d3779491a84df4c783a",
      "integrity": "sha512-qO0gq2+ZR/xpQX1GPI9o8du6JM4b7qnOD4sRw9fkLzJMQN+6uNnHlEekS1hvZNf5UmHuaGk8L+ryPHT9g/dRSA=="
    }
  }
}
