{
  "name": "gui",
  "lockfileVersion": 2,
  "requires": true,
  "packages": {
    "": {
      "dependencies": {
        "node-framebuffer": "^1.0.4"
      }
    },
    "node_modules/node-framebuffer": {
      "version": "1.0.6",
      "resolved": "https://registry.npmjs.org/node-framebuffer/-/node-framebuffer-1.0.6.tgz",
      "integrity": "sha512-BLIdVRrjZPYF7fvQ1GOtL3yB0TudkpvihleQQWUUDBXWxG7P09jvk1gk3PMJSmxv686yLS5yFkB1SmTSc3X3fw=="
    }
  },
  "dependencies": {
    "node-framebuffer": {
      "version": "1.0.6",
      "resolved": "https://registry.npmjs.org/node-framebuffer/-/node-framebuffer-1.0.6.tgz",
      "integrity": "sha512-BLIdVRrjZPYF7fvQ1GOtL3yB0TudkpvihleQQWUUDBXWxG7P09jvk1gk3PMJSmxv686yLS5yFkB1SmTSc3X3fw=="
    }
  }
}
